
Microsoft Visual Studio Solution File, Format Version 12.00
# Visual Studio Version 17
VisualStudioVersion = 17.13.35828.75 d17.13
MinimumVisualStudioVersion = 10.0.40219.1
Project("{FAE04EC0-301F-11D3-BF4B-00C04F79EFBC}") = "CoffeeShop_Management", "CoffeeShop_Management.csproj", "{B9680D61-6D52-4F6A-9824-D2B7A95B7D72}"
EndProject
Global
	GlobalSection(SolutionConfigurationPlatforms) = preSolution
		Debug|Any CPU = Debug|Any CPU
		Release|Any CPU = Release|Any CPU
	EndGlobalSection
	GlobalSection(ProjectConfigurationPlatforms) = postSolution
		{B9680D61-6D52-4F6A-9824-D2B7A95B7D72}.Debug|Any CPU.ActiveCfg = Debug|Any CPU
		{B9680D61-6D52-4F6A-9824-D2B7A95B7D72}.Debug|Any CPU.Build.0 = Debug|Any CPU
		{B9680D61-6D52-4F6A-9824-D2B7A95B7D72}.Release|Any CPU.ActiveCfg = Release|Any CPU
		{B9680D61-6D52-4F6A-9824-D2B7A95B7D72}.Release|Any CPU.Build.0 = Release|Any CPU
	EndGlobalSection
	GlobalSection(SolutionProperties) = preSolution
		HideSolutionNode = FALSE
	EndGlobalSection
	GlobalSection(ExtensibilityGlobals) = postSolution
		SolutionGuid = {6BAE2F33-999B-45F0-9E29-6C05607AE5AA}
	EndGlobalSection
EndGlobal
